// !$*UTF8*$!
{
	archiveVersion = 1;
	classes = {
	};
	objectVersion = 56;
	objects = {

/* Begin PBXBuildFile section */
		0A86CD7F08CC013E772E5FA9 /* Pods_Rick_and_Morty.framework in Frameworks */ = {isa = PBXBuildFile; fileRef = A4D23E4ECA47B6FDCA74141E /* Pods_Rick_and_Morty.framework */; };
		8F357E83297184980018D327 /* InfoScreenViewController.swift in Sources */ = {isa = PBXBuildFile; fileRef = 8F357E82297184980018D327 /* InfoScreenViewController.swift */; };
		8F357E85297184E40018D327 /* InfoScreenView.swift in Sources */ = {isa = PBXBuildFile; fileRef = 8F357E84297184E40018D327 /* InfoScreenView.swift */; };
		8F357E872972D08E0018D327 /* CustomImageCell.swift in Sources */ = {isa = PBXBuildFile; fileRef = 8F357E862972D08E0018D327 /* CustomImageCell.swift */; };
		8F357E892972E03C0018D327 /* InfoCustomCells.swift in Sources */ = {isa = PBXBuildFile; fileRef = 8F357E882972E03C0018D327 /* InfoCustomCells.swift */; };
		8F5A577C296ED22A0072CE61 /* AppDelegate.swift in Sources */ = {isa = PBXBuildFile; fileRef = 8F5A577B296ED22A0072CE61 /* AppDelegate.swift */; };
		8F5A577E296ED22A0072CE61 /* SceneDelegate.swift in Sources */ = {isa = PBXBuildFile; fileRef = 8F5A577D296ED22A0072CE61 /* SceneDelegate.swift */; };
		8F5A5780296ED22A0072CE61 /* MainViewController.swift in Sources */ = {isa = PBXBuildFile; fileRef = 8F5A577F296ED22A0072CE61 /* MainViewController.swift */; };
		8F5A5785296ED22C0072CE61 /* Assets.xcassets in Resources */ = {isa = PBXBuildFile; fileRef = 8F5A5784296ED22C0072CE61 /* Assets.xcassets */; };
		8F5A5788296ED22C0072CE61 /* LaunchScreen.storyboard in Resources */ = {isa = PBXBuildFile; fileRef = 8F5A5786296ED22C0072CE61 /* LaunchScreen.storyboard */; };
		8F5A5792296ED40B0072CE61 /* MainScreenView.swift in Sources */ = {isa = PBXBuildFile; fileRef = 8F5A5791296ED40B0072CE61 /* MainScreenView.swift */; };
		8F5A5794296EE50E0072CE61 /* CustomCell.swift in Sources */ = {isa = PBXBuildFile; fileRef = 8F5A5793296EE50E0072CE61 /* CustomCell.swift */; };
		8F5A5796296F17120072CE61 /* NetworkManager.swift in Sources */ = {isa = PBXBuildFile; fileRef = 8F5A5795296F17120072CE61 /* NetworkManager.swift */; };
		8F5A57982970178B0072CE61 /* Model.swift in Sources */ = {isa = PBXBuildFile; fileRef = 8F5A57972970178B0072CE61 /* Model.swift */; };
/* End PBXBuildFile section */

/* Begin PBXFileReference section */
		6DC326527C4389647BC7769F /* Pods-Rick and Morty.debug.xcconfig */ = {isa = PBXFileReference; includeInIndex = 1; lastKnownFileType = text.xcconfig; name = "Pods-Rick and Morty.debug.xcconfig"; path = "Target Support Files/Pods-Rick and Morty/Pods-Rick and Morty.debug.xcconfig"; sourceTree = "<group>"; };
		847A4471FDB75D977C55C9B1 /* Pods-Rick and Morty.release.xcconfig */ = {isa = PBXFileReference; includeInIndex = 1; lastKnownFileType = text.xcconfig; name = "Pods-Rick and Morty.release.xcconfig"; path = "Target Support Files/Pods-Rick and Morty/Pods-Rick and Morty.release.xcconfig"; sourceTree = "<group>"; };
		8F357E82297184980018D327 /* InfoScreenViewController.swift */ = {isa = PBXFileReference; lastKnownFileType = sourcecode.swift; path = InfoScreenViewController.swift; sourceTree = "<group>"; };
		8F357E84297184E40018D327 /* InfoScreenView.swift */ = {isa = PBXFileReference; lastKnownFileType = sourcecode.swift; path = InfoScreenView.swift; sourceTree = "<group>"; };
		8F357E862972D08E0018D327 /* CustomImageCell.swift */ = {isa = PBXFileReference; lastKnownFileType = sourcecode.swift; path = CustomImageCell.swift; sourceTree = "<group>"; };
		8F357E882972E03C0018D327 /* InfoCustomCells.swift */ = {isa = PBXFileReference; lastKnownFileType = sourcecode.swift; path = InfoCustomCells.swift; sourceTree = "<group>"; };
		8F5A5778296ED22A0072CE61 /* Rick and Morty.app */ = {isa = PBXFileReference; explicitFileType = wrapper.application; includeInIndex = 0; path = "Rick and Morty.app"; sourceTree = BUILT_PRODUCTS_DIR; };
		8F5A577B296ED22A0072CE61 /* AppDelegate.swift */ = {isa = PBXFileReference; lastKnownFileType = sourcecode.swift; path = AppDelegate.swift; sourceTree = "<group>"; };
		8F5A577D296ED22A0072CE61 /* SceneDelegate.swift */ = {isa = PBXFileReference; lastKnownFileType = sourcecode.swift; path = SceneDelegate.swift; sourceTree = "<group>"; };
		8F5A577F296ED22A0072CE61 /* MainViewController.swift */ = {isa = PBXFileReference; lastKnownFileType = sourcecode.swift; path = MainViewController.swift; sourceTree = "<group>"; };
		8F5A5784296ED22C0072CE61 /* Assets.xcassets */ = {isa = PBXFileReference; lastKnownFileType = folder.assetcatalog; path = Assets.xcassets; sourceTree = "<group>"; };
		8F5A5787296ED22C0072CE61 /* Base */ = {isa = PBXFileReference; lastKnownFileType = file.storyboard; name = Base; path = Base.lproj/LaunchScreen.storyboard; sourceTree = "<group>"; };
		8F5A5789296ED22C0072CE61 /* Info.plist */ = {isa = PBXFileReference; lastKnownFileType = text.plist.xml; path = Info.plist; sourceTree = "<group>"; };
		8F5A5791296ED40B0072CE61 /* MainScreenView.swift */ = {isa = PBXFileReference; lastKnownFileType = sourcecode.swift; path = MainScreenView.swift; sourceTree = "<group>"; };
		8F5A5793296EE50E0072CE61 /* CustomCell.swift */ = {isa = PBXFileReference; lastKnownFileType = sourcecode.swift; path = CustomCell.swift; sourceTree = "<group>"; };
		8F5A5795296F17120072CE61 /* NetworkManager.swift */ = {isa = PBXFileReference; lastKnownFileType = sourcecode.swift; path = NetworkManager.swift; sourceTree = "<group>"; };
		8F5A57972970178B0072CE61 /* Model.swift */ = {isa = PBXFileReference; lastKnownFileType = sourcecode.swift; path = Model.swift; sourceTree = "<group>"; };
		A4D23E4ECA47B6FDCA74141E /* Pods_Rick_and_Morty.framework */ = {isa = PBXFileReference; explicitFileType = wrapper.framework; includeInIndex = 0; path = Pods_Rick_and_Morty.framework; sourceTree = BUILT_PRODUCTS_DIR; };
/* End PBXFileReference section */

/* Begin PBXFrameworksBuildPhase section */
		8F5A5775296ED22A0072CE61 /* Frameworks */ = {
			isa = PBXFrameworksBuildPhase;
			buildActionMask = 2147483647;
			files = (
				0A86CD7F08CC013E772E5FA9 /* Pods_Rick_and_Morty.framework in Frameworks */,
			);
			runOnlyForDeploymentPostprocessing = 0;
		};
/* End PBXFrameworksBuildPhase section */

/* Begin PBXGroup section */
		7041FCA8CEAA309DA7C05FB0 /* Pods */ = {
			isa = PBXGroup;
			children = (
				6DC326527C4389647BC7769F /* Pods-Rick and Morty.debug.xcconfig */,
				847A4471FDB75D977C55C9B1 /* Pods-Rick and Morty.release.xcconfig */,
			);
			path = Pods;
			sourceTree = "<group>";
		};
		82818C36284039B6475FF643 /* Frameworks */ = {
			isa = PBXGroup;
			children = (
				A4D23E4ECA47B6FDCA74141E /* Pods_Rick_and_Morty.framework */,
			);
			name = Frameworks;
			sourceTree = "<group>";
		};
		8F357E81297184560018D327 /* InfoScreen */ = {
			isa = PBXGroup;
			children = (
				8F357E82297184980018D327 /* InfoScreenViewController.swift */,
				8F357E84297184E40018D327 /* InfoScreenView.swift */,
				8F357E862972D08E0018D327 /* CustomImageCell.swift */,
				8F357E882972E03C0018D327 /* InfoCustomCells.swift */,
			);
			path = InfoScreen;
			sourceTree = "<group>";
		};
		8F5A576F296ED22A0072CE61 = {
			isa = PBXGroup;
			children = (
				8F5A577A296ED22A0072CE61 /* Rick and Morty */,
				8F5A578F296ED3C60072CE61 /* App */,
				8F5A5779296ED22A0072CE61 /* Products */,
				7041FCA8CEAA309DA7C05FB0 /* Pods */,
				82818C36284039B6475FF643 /* Frameworks */,
			);
			sourceTree = "<group>";
		};
		8F5A5779296ED22A0072CE61 /* Products */ = {
			isa = PBXGroup;
			children = (
				8F5A5778296ED22A0072CE61 /* Rick and Morty.app */,
			);
			name = Products;
			sourceTree = "<group>";
		};
		8F5A577A296ED22A0072CE61 /* Rick and Morty */ = {
			isa = PBXGroup;
			children = (
				8F5A5795296F17120072CE61 /* NetworkManager.swift */,
				8F5A5790296ED3E50072CE61 /* MainScreen */,
				8F357E81297184560018D327 /* InfoScreen */,
				8F5A5789296ED22C0072CE61 /* Info.plist */,
			);
			path = "Rick and Morty";
			sourceTree = "<group>";
		};
		8F5A578F296ED3C60072CE61 /* App */ = {
			isa = PBXGroup;
			children = (
				8F5A577D296ED22A0072CE61 /* SceneDelegate.swift */,
				8F5A577B296ED22A0072CE61 /* AppDelegate.swift */,
				8F5A5786296ED22C0072CE61 /* LaunchScreen.storyboard */,
				8F5A5784296ED22C0072CE61 /* Assets.xcassets */,
			);
			path = App;
			sourceTree = "<group>";
		};
		8F5A5790296ED3E50072CE61 /* MainScreen */ = {
			isa = PBXGroup;
			children = (
				8F5A577F296ED22A0072CE61 /* MainViewController.swift */,
				8F5A5791296ED40B0072CE61 /* MainScreenView.swift */,
				8F5A5793296EE50E0072CE61 /* CustomCell.swift */,
				8F5A57972970178B0072CE61 /* Model.swift */,
			);
			path = MainScreen;
			sourceTree = "<group>";
		};
/* End PBXGroup section */

/* Begin PBXNativeTarget section */
		8F5A5777296ED22A0072CE61 /* Rick and Morty */ = {
			isa = PBXNativeTarget;
			buildConfigurationList = 8F5A578C296ED22C0072CE61 /* Build configuration list for PBXNativeTarget "Rick and Morty" */;
			buildPhases = (
				751AFEA54BF86538B6D56D0A /* [CP] Check Pods Manifest.lock */,
				8F5A5774296ED22A0072CE61 /* Sources */,
				8F5A5775296ED22A0072CE61 /* Frameworks */,
				8F5A5776296ED22A0072CE61 /* Resources */,
				4692D09F06757056E7E0C7C4 /* [CP] Embed Pods Frameworks */,
			);
			buildRules = (
			);
			dependencies = (
			);
			name = "Rick and Morty";
			productName = "Rick and Morty";
			productReference = 8F5A5778296ED22A0072CE61 /* Rick and Morty.app */;
			productType = "com.apple.product-type.application";
		};
/* End PBXNativeTarget section */

/* Begin PBXProject section */
		8F5A5770296ED22A0072CE61 /* Project object */ = {
			isa = PBXProject;
			attributes = {
				BuildIndependentTargetsInParallel = 1;
				LastSwiftUpdateCheck = 1410;
				LastUpgradeCheck = 1410;
				TargetAttributes = {
					8F5A5777296ED22A0072CE61 = {
						CreatedOnToolsVersion = 14.1;
					};
				};
			};
			buildConfigurationList = 8F5A5773296ED22A0072CE61 /* Build configuration list for PBXProject "Rick and Morty" */;
			compatibilityVersion = "Xcode 14.0";
			developmentRegion = en;
			hasScannedForEncodings = 0;
			knownRegions = (
				en,
				Base,
			);
			mainGroup = 8F5A576F296ED22A0072CE61;
			productRefGroup = 8F5A5779296ED22A0072CE61 /* Products */;
			projectDirPath = "";
			projectRoot = "";
			targets = (
				8F5A5777296ED22A0072CE61 /* Rick and Morty */,
			);
		};
/* End PBXProject section */

/* Begin PBXResourcesBuildPhase section */
		8F5A5776296ED22A0072CE61 /* Resources */ = {
			isa = PBXResourcesBuildPhase;
			buildActionMask = 2147483647;
			files = (
				8F5A5788296ED22C0072CE61 /* LaunchScreen.storyboard in Resources */,
				8F5A5785296ED22C0072CE61 /* Assets.xcassets in Resources */,
			);
			runOnlyForDeploymentPostprocessing = 0;
		};
/* End PBXResourcesBuildPhase section */

/* Begin PBXShellScriptBuildPhase section */
		4692D09F06757056E7E0C7C4 /* [CP] Embed Pods Frameworks */ = {
			isa = PBXShellScriptBuildPhase;
			buildActionMask = 2147483647;
			files = (
			);
			inputFileListPaths = (
				"${PODS_ROOT}/Target Support Files/Pods-Rick and Morty/Pods-Rick and Morty-frameworks-${CONFIGURATION}-input-files.xcfilelist",
			);
			name = "[CP] Embed Pods Frameworks";
			outputFileListPaths = (
				"${PODS_ROOT}/Target Support Files/Pods-Rick and Morty/Pods-Rick and Morty-frameworks-${CONFIGURATION}-output-files.xcfilelist",
			);
			runOnlyForDeploymentPostprocessing = 0;
			shellPath = /bin/sh;
			shellScript = "\"${PODS_ROOT}/Target Support Files/Pods-Rick and Morty/Pods-Rick and Morty-frameworks.sh\"\n";
			showEnvVarsInLog = 0;
		};
		751AFEA54BF86538B6D56D0A /* [CP] Check Pods Manifest.lock */ = {
			isa = PBXShellScriptBuildPhase;
			buildActionMask = 2147483647;
			files = (
			);
			inputFileListPaths = (
			);
			inputPaths = (
				"${PODS_PODFILE_DIR_PATH}/Podfile.lock",
				"${PODS_ROOT}/Manifest.lock",
			);
			name = "[CP] Check Pods Manifest.lock";
			outputFileListPaths = (
			);
			outputPaths = (
				"$(DERIVED_FILE_DIR)/Pods-Rick and Morty-checkManifestLockResult.txt",
			);
			runOnlyForDeploymentPostprocessing = 0;
			shellPath = /bin/sh;
			shellScript = "diff \"${PODS_PODFILE_DIR_PATH}/Podfile.lock\" \"${PODS_ROOT}/Manifest.lock\" > /dev/null\nif [ $? != 0 ] ; then\n    # print error to STDERR\n    echo \"error: The sandbox is not in sync with the Podfile.lock. Run 'pod install' or update your CocoaPods installation.\" >&2\n    exit 1\nfi\n# This output is used by Xcode 'outputs' to avoid re-running this script phase.\necho \"SUCCESS\" > \"${SCRIPT_OUTPUT_FILE_0}\"\n";
			showEnvVarsInLog = 0;
		};
/* End PBXShellScriptBuildPhase section */

/* Begin PBXSourcesBuildPhase section */
		8F5A5774296ED22A0072CE61 /* Sources */ = {
			isa = PBXSourcesBuildPhase;
			buildActionMask = 2147483647;
			files = (
				8F357E872972D08E0018D327 /* CustomImageCell.swift in Sources */,
				8F5A5796296F17120072CE61 /* NetworkManager.swift in Sources */,
				8F5A5794296EE50E0072CE61 /* CustomCell.swift in Sources */,
				8F357E85297184E40018D327 /* InfoScreenView.swift in Sources */,
				8F5A57982970178B0072CE61 /* Model.swift in Sources */,
				8F5A5780296ED22A0072CE61 /* MainViewController.swift in Sources */,
				8F5A577C296ED22A0072CE61 /* AppDelegate.swift in Sources */,
				8F357E83297184980018D327 /* InfoScreenViewController.swift in Sources */,
				8F357E892972E03C0018D327 /* InfoCustomCells.swift in Sources */,
				8F5A577E296ED22A0072CE61 /* SceneDelegate.swift in Sources */,
				8F5A5792296ED40B0072CE61 /* MainScreenView.swift in Sources */,
			);
			runOnlyForDeploymentPostprocessing = 0;
		};
/* End PBXSourcesBuildPhase section */

/* Begin PBXVariantGroup section */
		8F5A5786296ED22C0072CE61 /* LaunchScreen.storyboard */ = {
			isa = PBXVariantGroup;
			children = (
				8F5A5787296ED22C0072CE61 /* Base */,
			);
			name = LaunchScreen.storyboard;
			sourceTree = "<group>";
		};
/* End PBXVariantGroup section */

/* Begin XCBuildConfiguration section */
		8F5A578A296ED22C0072CE61 /* Debug */ = {
			isa = XCBuildConfiguration;
			buildSettings = {
				ALWAYS_SEARCH_USER_PATHS = NO;
				CLANG_ANALYZER_NONNULL = YES;
				CLANG_ANALYZER_NUMBER_OBJECT_CONVERSION = YES_AGGRESSIVE;
				CLANG_CXX_LANGUAGE_STANDARD = "gnu++20";
				CLANG_ENABLE_MODULES = YES;
				CLANG_ENABLE_OBJC_ARC = YES;
				CLANG_ENABLE_OBJC_WEAK = YES;
				CLANG_WARN_BLOCK_CAPTURE_AUTORELEASING = YES;
				CLANG_WARN_BOOL_CONVERSION = YES;
				CLANG_WARN_COMMA = YES;
				CLANG_WARN_CONSTANT_CONVERSION = YES;
				CLANG_WARN_DEPRECATED_OBJC_IMPLEMENTATIONS = YES;
				CLANG_WARN_DIRECT_OBJC_ISA_USAGE = YES_ERROR;
				CLANG_WARN_DOCUMENTATION_COMMENTS = YES;
				CLANG_WARN_EMPTY_BODY = YES;
				CLANG_WARN_ENUM_CONVERSION = YES;
				CLANG_WARN_INFINITE_RECURSION = YES;
				CLANG_WARN_INT_CONVERSION = YES;
				CLANG_WARN_NON_LITERAL_NULL_CONVERSION = YES;
				CLANG_WARN_OBJC_IMPLICIT_RETAIN_SELF = YES;
				CLANG_WARN_OBJC_LITERAL_CONVERSION = YES;
				CLANG_WARN_OBJC_ROOT_CLASS = YES_ERROR;
				CLANG_WARN_QUOTED_INCLUDE_IN_FRAMEWORK_HEADER = YES;
				CLANG_WARN_RANGE_LOOP_ANALYSIS = YES;
				CLANG_WARN_STRICT_PROTOTYPES = YES;
				CLANG_WARN_SUSPICIOUS_MOVE = YES;
				CLANG_WARN_UNGUARDED_AVAILABILITY = YES_AGGRESSIVE;
				CLANG_WARN_UNREACHABLE_CODE = YES;
				CLANG_WARN__DUPLICATE_METHOD_MATCH = YES;
				COPY_PHASE_STRIP = NO;
				DEBUG_INFORMATION_FORMAT = dwarf;
				ENABLE_STRICT_OBJC_MSGSEND = YES;
				ENABLE_TESTABILITY = YES;
				GCC_C_LANGUAGE_STANDARD = gnu11;
				GCC_DYNAMIC_NO_PIC = NO;
				GCC_NO_COMMON_BLOCKS = YES;
				GCC_OPTIMIZATION_LEVEL = 0;
				GCC_PREPROCESSOR_DEFINITIONS = (
					"DEBUG=1",
					"$(inherited)",
				);
				GCC_WARN_64_TO_32_BIT_CONVERSION = YES;
				GCC_WARN_ABOUT_RETURN_TYPE = YES_ERROR;
				GCC_WARN_UNDECLARED_SELECTOR = YES;
				GCC_WARN_UNINITIALIZED_AUTOS = YES_AGGRESSIVE;
				GCC_WARN_UNUSED_FUNCTION = YES;
				GCC_WARN_UNUSED_VARIABLE = YES;
				IPHONEOS_DEPLOYMENT_TARGET = 16.1;
				MTL_ENABLE_DEBUG_INFO = INCLUDE_SOURCE;
				MTL_FAST_MATH = YES;
				ONLY_ACTIVE_ARCH = YES;
				SDKROOT = iphoneos;
				SWIFT_ACTIVE_COMPILATION_CONDITIONS = DEBUG;
				SWIFT_OPTIMIZATION_LEVEL = "-Onone";
			};
			name = Debug;
		};
		8F5A578B296ED22C0072CE61 /* Release */ = {
			isa = XCBuildConfiguration;
			buildSettings = {
				ALWAYS_SEARCH_USER_PATHS = NO;
				CLANG_ANALYZER_NONNULL = YES;
				CLANG_ANALYZER_NUMBER_OBJECT_CONVERSION = YES_AGGRESSIVE;
				CLANG_CXX_LANGUAGE_STANDARD = "gnu++20";
				CLANG_ENABLE_MODULES = YES;
				CLANG_ENABLE_OBJC_ARC = YES;
				CLANG_ENABLE_OBJC_WEAK = YES;
				CLANG_WARN_BLOCK_CAPTURE_AUTORELEASING = YES;
				CLANG_WARN_BOOL_CONVERSION = YES;
				CLANG_WARN_COMMA = YES;
				CLANG_WARN_CONSTANT_CONVERSION = YES;
				CLANG_WARN_DEPRECATED_OBJC_IMPLEMENTATIONS = YES;
				CLANG_WARN_DIRECT_OBJC_ISA_USAGE = YES_ERROR;
				CLANG_WARN_DOCUMENTATION_COMMENTS = YES;
				CLANG_WARN_EMPTY_BODY = YES;
				CLANG_WARN_ENUM_CONVERSION = YES;
				CLANG_WARN_INFINITE_RECURSION = YES;
				CLANG_WARN_INT_CONVERSION = YES;
				CLANG_WARN_NON_LITERAL_NULL_CONVERSION = YES;
				CLANG_WARN_OBJC_IMPLICIT_RETAIN_SELF = YES;
				CLANG_WARN_OBJC_LITERAL_CONVERSION = YES;
				CLANG_WARN_OBJC_ROOT_CLASS = YES_ERROR;
				CLANG_WARN_QUOTED_INCLUDE_IN_FRAMEWORK_HEADER = YES;
				CLANG_WARN_RANGE_LOOP_ANALYSIS = YES;
				CLANG_WARN_STRICT_PROTOTYPES = YES;
				CLANG_WARN_SUSPICIOUS_MOVE = YES;
				CLANG_WARN_UNGUARDED_AVAILABILITY = YES_AGGRESSIVE;
				CLANG_WARN_UNREACHABLE_CODE = YES;
				CLANG_WARN__DUPLICATE_METHOD_MATCH = YES;
				COPY_PHASE_STRIP = NO;
				DEBUG_INFORMATION_FORMAT = "dwarf-with-dsym";
				ENABLE_NS_ASSERTIONS = NO;
				ENABLE_STRICT_OBJC_MSGSEND = YES;
				GCC_C_LANGUAGE_STANDARD = gnu11;
				GCC_NO_COMMON_BLOCKS = YES;
				GCC_WARN_64_TO_32_BIT_CONVERSION = YES;
				GCC_WARN_ABOUT_RETURN_TYPE = YES_ERROR;
				GCC_WARN_UNDECLARED_SELECTOR = YES;
				GCC_WARN_UNINITIALIZED_AUTOS = YES_AGGRESSIVE;
				GCC_WARN_UNUSED_FUNCTION = YES;
				GCC_WARN_UNUSED_VARIABLE = YES;
				IPHONEOS_DEPLOYMENT_TARGET = 16.1;
				MTL_ENABLE_DEBUG_INFO = NO;
				MTL_FAST_MATH = YES;
				SDKROOT = iphoneos;
				SWIFT_COMPILATION_MODE = wholemodule;
				SWIFT_OPTIMIZATION_LEVEL = "-O";
				VALIDATE_PRODUCT = YES;
			};
			name = Release;
		};
		8F5A578D296ED22C0072CE61 /* Debug */ = {
			isa = XCBuildConfiguration;
			baseConfigurationReference = 6DC326527C4389647BC7769F /* Pods-Rick and Morty.debug.xcconfig */;
			buildSettings = {
				ASSETCATALOG_COMPILER_APPICON_NAME = AppIcon;
				ASSETCATALOG_COMPILER_GLOBAL_ACCENT_COLOR_NAME = AccentColor;
				CODE_SIGN_STYLE = Automatic;
				CURRENT_PROJECT_VERSION = 1;
				DEVELOPMENT_TEAM = 3Q2GL54W3S;
				GENERATE_INFOPLIST_FILE = YES;
				INFOPLIST_FILE = "Rick and Morty/Info.plist";
				INFOPLIST_KEY_UIApplicationSupportsIndirectInputEvents = YES;
				INFOPLIST_KEY_UILaunchStoryboardName = LaunchScreen;
				INFOPLIST_KEY_UISupportedInterfaceOrientations_iPad = "UIInterfaceOrientationPortrait UIInterfaceOrientationPortraitUpsideDown UIInterfaceOrientationLandscapeLeft UIInterfaceOrientationLandscapeRight";
				INFOPLIST_KEY_UISupportedInterfaceOrientations_iPhone = "UIInterfaceOrientationPortrait UIInterfaceOrientationLandscapeLeft UIInterfaceOrientationLandscapeRight";
				LD_RUNPATH_SEARCH_PATHS = (
					"$(inherited)",
					"@executable_path/Frameworks",
				);
				MARKETING_VERSION = 1.0;
				PRODUCT_BUNDLE_IDENTIFIER = "dev.Rick-and-Morty";
				PRODUCT_NAME = "$(TARGET_NAME)";
				SWIFT_EMIT_LOC_STRINGS = YES;
				SWIFT_VERSION = 5.0;
				TARGETED_DEVICE_FAMILY = "1,2";
			};
			name = Debug;
		};
		8F5A578E296ED22C0072CE61 /* Release */ = {
			isa = XCBuildConfiguration;
			baseConfigurationReference = 847A4471FDB75D977C55C9B1 /* Pods-Rick and Morty.release.xcconfig */;
			buildSettings = {
				ASSETCATALOG_COMPILER_APPICON_NAME = AppIcon;
				ASSETCATALOG_COMPILER_GLOBAL_ACCENT_COLOR_NAME = AccentColor;
				CODE_SIGN_STYLE = Automatic;
				CURRENT_PROJECT_VERSION = 1;
				DEVELOPMENT_TEAM = 3Q2GL54W3S;
				GENERATE_INFOPLIST_FILE = YES;
				INFOPLIST_FILE = "Rick and Morty/Info.plist";
				INFOPLIST_KEY_UIApplicationSupportsIndirectInputEvents = YES;
				INFOPLIST_KEY_UILaunchStoryboardName = LaunchScreen;
				INFOPLIST_KEY_UISupportedInterfaceOrientations_iPad = "UIInterfaceOrientationPortrait UIInterfaceOrientationPortraitUpsideDown UIInterfaceOrientationLandscapeLeft UIInterfaceOrientationLandscapeRight";
				INFOPLIST_KEY_UISupportedInterfaceOrientations_iPhone = "UIInterfaceOrientationPortrait UIInterfaceOrientationLandscapeLeft UIInterfaceOrientationLandscapeRight";
				LD_RUNPATH_SEARCH_PATHS = (
					"$(inherited)",
					"@executable_path/Frameworks",
				);
				MARKETING_VERSION = 1.0;
				PRODUCT_BUNDLE_IDENTIFIER = "dev.Rick-and-Morty";
				PRODUCT_NAME = "$(TARGET_NAME)";
				SWIFT_EMIT_LOC_STRINGS = YES;
				SWIFT_VERSION = 5.0;
				TARGETED_DEVICE_FAMILY = "1,2";
			};
			name = Release;
		};
/* End XCBuildConfiguration section */

/* Begin XCConfigurationList section */
		8F5A5773296ED22A0072CE61 /* Build configuration list for PBXProject "Rick and Morty" */ = {
			isa = XCConfigurationList;
			buildConfigurations = (
				8F5A578A296ED22C0072CE61 /* Debug */,
				8F5A578B296ED22C0072CE61 /* Release */,
			);
			defaultConfigurationIsVisible = 0;
			defaultConfigurationName = Release;
		};
		8F5A578C296ED22C0072CE61 /* Build configuration list for PBXNativeTarget "Rick and Morty" */ = {
			isa = XCConfigurationList;
			buildConfigurations = (
				8F5A578D296ED22C0072CE61 /* Debug */,
				8F5A578E296ED22C0072CE61 /* Release */,
			);
			defaultConfigurationIsVisible = 0;
			defaultConfigurationName = Release;
		};
/* End XCConfigurationList section */
	};
	rootObject = 8F5A5770296ED22A0072CE61 /* Project object */;
}
